
Microsoft Visual Studio Solution File, Format Version 12.00
Project("{FAE04EC0-301F-11D3-BF4B-00C04F79EFBC}") = "TaskA", "TaskA\TaskA.csproj", "{EEA9B8B3-B1B9-43BB-9C29-2CF33BBD8198}"
EndProject
Global
	GlobalSection(SolutionConfigurationPlatforms) = preSolution
		Debug|Any CPU = Debug|Any CPU
		Release|Any CPU = Release|Any CPU
	EndGlobalSection
	GlobalSection(ProjectConfigurationPlatforms) = postSolution
		{EEA9B8B3-B1B9-43BB-9C29-2CF33BBD8198}.Debug|Any CPU.ActiveCfg = Debug|Any CPU
		{EEA9B8B3-B1B9-43BB-9C29-2CF33BBD8198}.Debug|Any CPU.Build.0 = Debug|Any CPU
		{EEA9B8B3-B1B9-43BB-9C29-2CF33BBD8198}.Release|Any CPU.ActiveCfg = Release|Any CPU
		{EEA9B8B3-B1B9-43BB-9C29-2CF33BBD8198}.Release|Any CPU.Build.0 = Release|Any CPU
	EndGlobalSection
EndGlobal
